
Microsoft Visual Studio Solution File, Format Version 12.00
# Visual Studio Version 17
VisualStudioVersion = 17.13.35825.156 d17.13
MinimumVisualStudioVersion = 10.0.40219.1
Project("{FAE04EC0-301F-11D3-BF4B-00C04F79EFBC}") = "AutoGears", "AutoGears.csproj", "{26F92C3B-3E85-4902-B35C-88C115EEADDA}"
EndProject
Global
	GlobalSection(SolutionConfigurationPlatforms) = preSolution
		Debug|Any CPU = Debug|Any CPU
		Release|Any CPU = Release|Any CPU
	EndGlobalSection
	GlobalSection(ProjectConfigurationPlatforms) = postSolution
		{26F92C3B-3E85-4902-B35C-88C115EEADDA}.Debug|Any CPU.ActiveCfg = Debug|Any CPU
		{26F92C3B-3E85-4902-B35C-88C115EEADDA}.Debug|Any CPU.Build.0 = Debug|Any CPU
		{26F92C3B-3E85-4902-B35C-88C115EEADDA}.Release|Any CPU.ActiveCfg = Release|Any CPU
		{26F92C3B-3E85-4902-B35C-88C115EEADDA}.Release|Any CPU.Build.0 = Release|Any CPU
	EndGlobalSection
	GlobalSection(SolutionProperties) = preSolution
		HideSolutionNode = FALSE
	EndGlobalSection
	GlobalSection(ExtensibilityGlobals) = postSolution
		SolutionGuid = {6080E731-F077-4EA6-A460-01EA9CDA02C8}
	EndGlobalSection
EndGlobal
